
Microsoft Visual Studio Solution File, Format Version 12.00
# Visual Studio Version 17
VisualStudioVersion = 17.4.33122.133
MinimumVisualStudioVersion = 10.0.40219.1
Project("{FAE04EC0-301F-11D3-BF4B-00C04F79EFBC}") = "OhLordAgain", "OhLordAgain.csproj", "{79A09655-3284-415E-9061-6C6F0AA1A1E7}"
EndProject
Project("{FAE04EC0-301F-11D3-BF4B-00C04F79EFBC}") = "ConsoleApp1", "..\ConsoleApp1\ConsoleApp1.csproj", "{FF48A1CF-54B2-4D4F-8381-EAD8784AA934}"
EndProject
Project("{FAE04EC0-301F-11D3-BF4B-00C04F79EFBC}") = "SF2022UserNNLib", "..\SF2022UserNNLib\SF2022UserNNLib.csproj", "{836AE441-0BCF-46EE-AE55-3E3BFB3CC260}"
EndProject
Global
	GlobalSection(SolutionConfigurationPlatforms) = preSolution
		Debug|Any CPU = Debug|Any CPU
		Debug|ARM = Debug|ARM
		Debug|ARM64 = Debug|ARM64
		Debug|x64 = Debug|x64
		Debug|x86 = Debug|x86
		Release|Any CPU = Release|Any CPU
		Release|ARM = Release|ARM
		Release|ARM64 = Release|ARM64
		Release|x64 = Release|x64
		Release|x86 = Release|x86
	EndGlobalSection
	GlobalSection(ProjectConfigurationPlatforms) = postSolution
		{79A09655-3284-415E-9061-6C6F0AA1A1E7}.Debug|Any CPU.ActiveCfg = Debug|Any CPU
		{79A09655-3284-415E-9061-6C6F0AA1A1E7}.Debug|Any CPU.Build.0 = Debug|Any CPU
		{79A09655-3284-415E-9061-6C6F0AA1A1E7}.Debug|ARM.ActiveCfg = Debug|Any CPU
		{79A09655-3284-415E-9061-6C6F0AA1A1E7}.Debug|ARM.Build.0 = Debug|Any CPU
		{79A09655-3284-415E-9061-6C6F0AA1A1E7}.Debug|ARM64.ActiveCfg = Debug|Any CPU
		{79A09655-3284-415E-9061-6C6F0AA1A1E7}.Debug|ARM64.Build.0 = Debug|Any CPU
		{79A09655-3284-415E-9061-6C6F0AA1A1E7}.Debug|x64.ActiveCfg = Debug|Any CPU
		{79A09655-3284-415E-9061-6C6F0AA1A1E7}.Debug|x64.Build.0 = Debug|Any CPU
		{79A09655-3284-415E-9061-6C6F0AA1A1E7}.Debug|x86.ActiveCfg = Debug|Any CPU
		{79A09655-3284-415E-9061-6C6F0AA1A1E7}.Debug|x86.Build.0 = Debug|Any CPU
		{79A09655-3284-415E-9061-6C6F0AA1A1E7}.Release|Any CPU.ActiveCfg = Release|Any CPU
		{79A09655-3284-415E-9061-6C6F0AA1A1E7}.Release|Any CPU.Build.0 = Release|Any CPU
		{79A09655-3284-415E-9061-6C6F0AA1A1E7}.Release|ARM.ActiveCfg = Release|Any CPU
		{79A09655-3284-415E-9061-6C6F0AA1A1E7}.Release|ARM.Build.0 = Release|Any CPU
		{79A09655-3284-415E-9061-6C6F0AA1A1E7}.Release|ARM64.ActiveCfg = Release|Any CPU
		{79A09655-3284-415E-9061-6C6F0AA1A1E7}.Release|ARM64.Build.0 = Release|Any CPU
		{79A09655-3284-415E-9061-6C6F0AA1A1E7}.Release|x64.ActiveCfg = Release|Any CPU
		{79A09655-3284-415E-9061-6C6F0AA1A1E7}.Release|x64.Build.0 = Release|Any CPU
		{79A09655-3284-415E-9061-6C6F0AA1A1E7}.Release|x86.ActiveCfg = Release|Any CPU
		{79A09655-3284-415E-9061-6C6F0AA1A1E7}.Release|x86.Build.0 = Release|Any CPU
		{FF48A1CF-54B2-4D4F-8381-EAD8784AA934}.Debug|Any CPU.ActiveCfg = Debug|Any CPU
		{FF48A1CF-54B2-4D4F-8381-EAD8784AA934}.Debug|Any CPU.Build.0 = Debug|Any CPU
		{FF48A1CF-54B2-4D4F-8381-EAD8784AA934}.Debug|ARM.ActiveCfg = Debug|Any CPU
		{FF48A1CF-54B2-4D4F-8381-EAD8784AA934}.Debug|ARM.Build.0 = Debug|Any CPU
		{FF48A1CF-54B2-4D4F-8381-EAD8784AA934}.Debug|ARM64.ActiveCfg = Debug|Any CPU
		{FF48A1CF-54B2-4D4F-8381-EAD8784AA934}.Debug|ARM64.Build.0 = Debug|Any CPU
		{FF48A1CF-54B2-4D4F-8381-EAD8784AA934}.Debug|x64.ActiveCfg = Debug|Any CPU
		{FF48A1CF-54B2-4D4F-8381-EAD8784AA934}.Debug|x64.Build.0 = Debug|Any CPU
		{FF48A1CF-54B2-4D4F-8381-EAD8784AA934}.Debug|x86.ActiveCfg = Debug|Any CPU
		{FF48A1CF-54B2-4D4F-8381-EAD8784AA934}.Debug|x86.Build.0 = Debug|Any CPU
		{FF48A1CF-54B2-4D4F-8381-EAD8784AA934}.Release|Any CPU.ActiveCfg = Release|Any CPU
		{FF48A1CF-54B2-4D4F-8381-EAD8784AA934}.Release|Any CPU.Build.0 = Release|Any CPU
		{FF48A1CF-54B2-4D4F-8381-EAD8784AA934}.Release|ARM.ActiveCfg = Release|Any CPU
		{FF48A1CF-54B2-4D4F-8381-EAD8784AA934}.Release|ARM.Build.0 = Release|Any CPU
		{FF48A1CF-54B2-4D4F-8381-EAD8784AA934}.Release|ARM64.ActiveCfg = Release|Any CPU
		{FF48A1CF-54B2-4D4F-8381-EAD8784AA934}.Release|ARM64.Build.0 = Release|Any CPU
		{FF48A1CF-54B2-4D4F-8381-EAD8784AA934}.Release|x64.ActiveCfg = Release|Any CPU
		{FF48A1CF-54B2-4D4F-8381-EAD8784AA934}.Release|x64.Build.0 = Release|Any CPU
		{FF48A1CF-54B2-4D4F-8381-EAD8784AA934}.Release|x86.ActiveCfg = Release|Any CPU
		{FF48A1CF-54B2-4D4F-8381-EAD8784AA934}.Release|x86.Build.0 = Release|Any CPU
		{836AE441-0BCF-46EE-AE55-3E3BFB3CC260}.Debug|Any CPU.ActiveCfg = Debug|Any CPU
		{836AE441-0BCF-46EE-AE55-3E3BFB3CC260}.Debug|Any CPU.Build.0 = Debug|Any CPU
		{836AE441-0BCF-46EE-AE55-3E3BFB3CC260}.Debug|ARM.ActiveCfg = Debug|Any CPU
		{836AE441-0BCF-46EE-AE55-3E3BFB3CC260}.Debug|ARM.Build.0 = Debug|Any CPU
		{836AE441-0BCF-46EE-AE55-3E3BFB3CC260}.Debug|ARM64.ActiveCfg = Debug|Any CPU
		{836AE441-0BCF-46EE-AE55-3E3BFB3CC260}.Debug|ARM64.Build.0 = Debug|Any CPU
		{836AE441-0BCF-46EE-AE55-3E3BFB3CC260}.Debug|x64.ActiveCfg = Debug|Any CPU
		{836AE441-0BCF-46EE-AE55-3E3BFB3CC260}.Debug|x64.Build.0 = Debug|Any CPU
		{836AE441-0BCF-46EE-AE55-3E3BFB3CC260}.Debug|x86.ActiveCfg = Debug|Any CPU
		{836AE441-0BCF-46EE-AE55-3E3BFB3CC260}.Debug|x86.Build.0 = Debug|Any CPU
		{836AE441-0BCF-46EE-AE55-3E3BFB3CC260}.Release|Any CPU.ActiveCfg = Release|Any CPU
		{836AE441-0BCF-46EE-AE55-3E3BFB3CC260}.Release|Any CPU.Build.0 = Release|Any CPU
		{836AE441-0BCF-46EE-AE55-3E3BFB3CC260}.Release|ARM.ActiveCfg = Release|Any CPU
		{836AE441-0BCF-46EE-AE55-3E3BFB3CC260}.Release|ARM.Build.0 = Release|Any CPU
		{836AE441-0BCF-46EE-AE55-3E3BFB3CC260}.Release|ARM64.ActiveCfg = Release|Any CPU
		{836AE441-0BCF-46EE-AE55-3E3BFB3CC260}.Release|ARM64.Build.0 = Release|Any CPU
		{836AE441-0BCF-46EE-AE55-3E3BFB3CC260}.Release|x64.ActiveCfg = Release|Any CPU
		{836AE441-0BCF-46EE-AE55-3E3BFB3CC260}.Release|x64.Build.0 = Release|Any CPU
		{836AE441-0BCF-46EE-AE55-3E3BFB3CC260}.Release|x86.ActiveCfg = Release|Any CPU
		{836AE441-0BCF-46EE-AE55-3E3BFB3CC260}.Release|x86.Build.0 = Release|Any CPU
	EndGlobalSection
	GlobalSection(SolutionProperties) = preSolution
		HideSolutionNode = FALSE
	EndGlobalSection
	GlobalSection(ExtensibilityGlobals) = postSolution
		SolutionGuid = {5B8F4927-6FEF-476A-9355-A43B3772F9C3}
	EndGlobalSection
EndGlobal
